// !$*UTF8*$!
{
	archiveVersion = 1;
	classes = {
	};
	objectVersion = 50;
	objects = {

/* Begin PBXBuildFile section */
		EE3F2CE1214F09BF005A1099 /* AppDelegate.swift in Sources */ = {isa = PBXBuildFile; fileRef = EE3F2CE0214F09BF005A1099 /* AppDelegate.swift */; };
		EE3F2CE3214F09BF005A1099 /* ViewController.swift in Sources */ = {isa = PBXBuildFile; fileRef = EE3F2CE2214F09BF005A1099 /* ViewController.swift */; };
		EE3F2CE5214F09C1005A1099 /* Assets.xcassets in Resources */ = {isa = PBXBuildFile; fileRef = EE3F2CE4214F09C1005A1099 /* Assets.xcassets */; };
		EE3F2CE8214F09C1005A1099 /* Main.storyboard in Resources */ = {isa = PBXBuildFile; fileRef = EE3F2CE6214F09C1005A1099 /* Main.storyboard */; };
		EE3F2CF4214F09C1005A1099 /* Photo_Editing_ExplainedTests.swift in Sources */ = {isa = PBXBuildFile; fileRef = EE3F2CF3214F09C1005A1099 /* Photo_Editing_ExplainedTests.swift */; };
		EE3F2D09214F0E4E005A1099 /* NSColor+Extensions.swift in Sources */ = {isa = PBXBuildFile; fileRef = EE3F2D02214F0E4D005A1099 /* NSColor+Extensions.swift */; };
		EE3F2D0A214F0E4E005A1099 /* NSImage+Extensions.swift in Sources */ = {isa = PBXBuildFile; fileRef = EE3F2D03214F0E4D005A1099 /* NSImage+Extensions.swift */; };
		EE3F2D0B214F0E4E005A1099 /* Image.swift in Sources */ = {isa = PBXBuildFile; fileRef = EE3F2D05214F0E4D005A1099 /* Image.swift */; };
		EE3F2D0C214F0E4E005A1099 /* RGBAPixel.swift in Sources */ = {isa = PBXBuildFile; fileRef = EE3F2D06214F0E4D005A1099 /* RGBAPixel.swift */; };
		EE3F2D0D214F0E4E005A1099 /* Filter.swift in Sources */ = {isa = PBXBuildFile; fileRef = EE3F2D07214F0E4D005A1099 /* Filter.swift */; };
		EE3F2D0E214F0E4E005A1099 /* Filters.swift in Sources */ = {isa = PBXBuildFile; fileRef = EE3F2D08214F0E4D005A1099 /* Filters.swift */; };
		EE3F2D10214F21BD005A1099 /* EditableImages.swift in Sources */ = {isa = PBXBuildFile; fileRef = EE3F2D0F214F21BD005A1099 /* EditableImages.swift */; };
		EE9EABEE21595242004DB243 /* GLKMatrix3+Extensions.swift in Sources */ = {isa = PBXBuildFile; fileRef = EE9EABED21595242004DB243 /* GLKMatrix3+Extensions.swift */; };
		EEC93ADC2160139200B318A8 /* HistogramOperation.swift in Sources */ = {isa = PBXBuildFile; fileRef = EEC93ADB2160139200B318A8 /* HistogramOperation.swift */; };
		EEC93ADE216015BC00B318A8 /* Histogram.swift in Sources */ = {isa = PBXBuildFile; fileRef = EEC93ADD216015BC00B318A8 /* Histogram.swift */; };
		EEC93AE2216131E100B318A8 /* LABPixel.swift in Sources */ = {isa = PBXBuildFile; fileRef = EEC93AE1216131E100B318A8 /* LABPixel.swift */; };
		EEC949D6215821B5004B694C /* NSImageView+Extensions.swift in Sources */ = {isa = PBXBuildFile; fileRef = EEC949D5215821B5004B694C /* NSImageView+Extensions.swift */; };
		EEE3D838215837AB0097414E /* Charts.framework in Frameworks */ = {isa = PBXBuildFile; fileRef = EE9A323D215837100027E6D6 /* Charts.framework */; };
		EEE3D83C2158424E0097414E /* HistogramViewController.swift in Sources */ = {isa = PBXBuildFile; fileRef = EEE3D83B2158424E0097414E /* HistogramViewController.swift */; };
		EEE3D83F21584DD40097414E /* Array+Extensions.swift in Sources */ = {isa = PBXBuildFile; fileRef = EEE3D83E21584DD40097414E /* Array+Extensions.swift */; };
/* End PBXBuildFile section */

/* Begin PBXContainerItemProxy section */
		EE3F2CF0214F09C1005A1099 /* PBXContainerItemProxy */ = {
			isa = PBXContainerItemProxy;
			containerPortal = EE3F2CD5214F09BF005A1099 /* Project object */;
			proxyType = 1;
			remoteGlobalIDString = EE3F2CDC214F09BF005A1099;
			remoteInfo = "Photo Editing Explained";
		};
/* End PBXContainerItemProxy section */

/* Begin PBXFileReference section */
		EE3F2CDD214F09BF005A1099 /* Photo Editing Explained.app */ = {isa = PBXFileReference; explicitFileType = wrapper.application; includeInIndex = 0; path = "Photo Editing Explained.app"; sourceTree = BUILT_PRODUCTS_DIR; };
		EE3F2CE0214F09BF005A1099 /* AppDelegate.swift */ = {isa = PBXFileReference; lastKnownFileType = sourcecode.swift; path = AppDelegate.swift; sourceTree = "<group>"; };
		EE3F2CE2214F09BF005A1099 /* ViewController.swift */ = {isa = PBXFileReference; lastKnownFileType = sourcecode.swift; path = ViewController.swift; sourceTree = "<group>"; };
		EE3F2CE4214F09C1005A1099 /* Assets.xcassets */ = {isa = PBXFileReference; lastKnownFileType = folder.assetcatalog; path = Assets.xcassets; sourceTree = "<group>"; };
		EE3F2CE7214F09C1005A1099 /* Base */ = {isa = PBXFileReference; lastKnownFileType = file.storyboard; name = Base; path = Base.lproj/Main.storyboard; sourceTree = "<group>"; };
		EE3F2CE9214F09C1005A1099 /* Info.plist */ = {isa = PBXFileReference; lastKnownFileType = text.plist.xml; path = Info.plist; sourceTree = "<group>"; };
		EE3F2CEA214F09C1005A1099 /* Photo_Editing_Explained.entitlements */ = {isa = PBXFileReference; lastKnownFileType = text.plist.entitlements; path = Photo_Editing_Explained.entitlements; sourceTree = "<group>"; };
		EE3F2CEF214F09C1005A1099 /* Photo Editing ExplainedTests.xctest */ = {isa = PBXFileReference; explicitFileType = wrapper.cfbundle; includeInIndex = 0; path = "Photo Editing ExplainedTests.xctest"; sourceTree = BUILT_PRODUCTS_DIR; };
		EE3F2CF3214F09C1005A1099 /* Photo_Editing_ExplainedTests.swift */ = {isa = PBXFileReference; lastKnownFileType = sourcecode.swift; path = Photo_Editing_ExplainedTests.swift; sourceTree = "<group>"; };
		EE3F2CF5214F09C1005A1099 /* Info.plist */ = {isa = PBXFileReference; lastKnownFileType = text.plist.xml; path = Info.plist; sourceTree = "<group>"; };
		EE3F2D02214F0E4D005A1099 /* NSColor+Extensions.swift */ = {isa = PBXFileReference; fileEncoding = 4; lastKnownFileType = sourcecode.swift; path = "NSColor+Extensions.swift"; sourceTree = "<group>"; };
		EE3F2D03214F0E4D005A1099 /* NSImage+Extensions.swift */ = {isa = PBXFileReference; fileEncoding = 4; lastKnownFileType = sourcecode.swift; path = "NSImage+Extensions.swift"; sourceTree = "<group>"; };
		EE3F2D05214F0E4D005A1099 /* Image.swift */ = {isa = PBXFileReference; fileEncoding = 4; lastKnownFileType = sourcecode.swift; path = Image.swift; sourceTree = "<group>"; };
		EE3F2D06214F0E4D005A1099 /* RGBAPixel.swift */ = {isa = PBXFileReference; fileEncoding = 4; lastKnownFileType = sourcecode.swift; path = RGBAPixel.swift; sourceTree = "<group>"; };
		EE3F2D07214F0E4D005A1099 /* Filter.swift */ = {isa = PBXFileReference; fileEncoding = 4; lastKnownFileType = sourcecode.swift; path = Filter.swift; sourceTree = "<group>"; };
		EE3F2D08214F0E4D005A1099 /* Filters.swift */ = {isa = PBXFileReference; fileEncoding = 4; lastKnownFileType = sourcecode.swift; path = Filters.swift; sourceTree = "<group>"; };
		EE3F2D0F214F21BD005A1099 /* EditableImages.swift */ = {isa = PBXFileReference; lastKnownFileType = sourcecode.swift; path = EditableImages.swift; sourceTree = "<group>"; };
		EE9A323D215837100027E6D6 /* Charts.framework */ = {isa = PBXFileReference; lastKnownFileType = wrapper.framework; name = Charts.framework; path = Carthage/Build/Mac/Charts.framework; sourceTree = "<group>"; };
		EE9EABED21595242004DB243 /* GLKMatrix3+Extensions.swift */ = {isa = PBXFileReference; lastKnownFileType = sourcecode.swift; path = "GLKMatrix3+Extensions.swift"; sourceTree = "<group>"; };
		EEC93ADB2160139200B318A8 /* HistogramOperation.swift */ = {isa = PBXFileReference; lastKnownFileType = sourcecode.swift; path = HistogramOperation.swift; sourceTree = "<group>"; };
		EEC93ADD216015BC00B318A8 /* Histogram.swift */ = {isa = PBXFileReference; lastKnownFileType = sourcecode.swift; path = Histogram.swift; sourceTree = "<group>"; };
		EEC93AE1216131E100B318A8 /* LABPixel.swift */ = {isa = PBXFileReference; lastKnownFileType = sourcecode.swift; path = LABPixel.swift; sourceTree = "<group>"; };
		EEC949D5215821B5004B694C /* NSImageView+Extensions.swift */ = {isa = PBXFileReference; lastKnownFileType = sourcecode.swift; path = "NSImageView+Extensions.swift"; sourceTree = "<group>"; };
		EEE3D83B2158424E0097414E /* HistogramViewController.swift */ = {isa = PBXFileReference; lastKnownFileType = sourcecode.swift; path = HistogramViewController.swift; sourceTree = "<group>"; };
		EEE3D83E21584DD40097414E /* Array+Extensions.swift */ = {isa = PBXFileReference; lastKnownFileType = sourcecode.swift; path = "Array+Extensions.swift"; sourceTree = "<group>"; };
/* End PBXFileReference section */

/* Begin PBXFrameworksBuildPhase section */
		EE3F2CDA214F09BF005A1099 /* Frameworks */ = {
			isa = PBXFrameworksBuildPhase;
			buildActionMask = 2147483647;
			files = (
				EEE3D838215837AB0097414E /* Charts.framework in Frameworks */,
			);
			runOnlyForDeploymentPostprocessing = 0;
		};
		EE3F2CEC214F09C1005A1099 /* Frameworks */ = {
			isa = PBXFrameworksBuildPhase;
			buildActionMask = 2147483647;
			files = (
			);
			runOnlyForDeploymentPostprocessing = 0;
		};
/* End PBXFrameworksBuildPhase section */

/* Begin PBXGroup section */
		EE3F2CD4214F09BF005A1099 = {
			isa = PBXGroup;
			children = (
				EE3F2CDF214F09BF005A1099 /* Photo Editing Explained */,
				EE3F2CF2214F09C1005A1099 /* Photo Editing ExplainedTests */,
				EE3F2CDE214F09BF005A1099 /* Products */,
				EE9A323C215837100027E6D6 /* Frameworks */,
			);
			sourceTree = "<group>";
		};
		EE3F2CDE214F09BF005A1099 /* Products */ = {
			isa = PBXGroup;
			children = (
				EE3F2CDD214F09BF005A1099 /* Photo Editing Explained.app */,
				EE3F2CEF214F09C1005A1099 /* Photo Editing ExplainedTests.xctest */,
			);
			name = Products;
			sourceTree = "<group>";
		};
		EE3F2CDF214F09BF005A1099 /* Photo Editing Explained */ = {
			isa = PBXGroup;
			children = (
				EE3F2CEA214F09C1005A1099 /* Photo_Editing_Explained.entitlements */,
				EE3F2CE0214F09BF005A1099 /* AppDelegate.swift */,
				EE3F2D01214F0E4D005A1099 /* Extensions */,
				EE3F2D04214F0E4D005A1099 /* Model */,
				EE3F2CFE214F0DD3005A1099 /* View */,
				EE3F2CFF214F0DDF005A1099 /* Supporting Files */,
			);
			path = "Photo Editing Explained";
			sourceTree = "<group>";
		};
		EE3F2CF2214F09C1005A1099 /* Photo Editing ExplainedTests */ = {
			isa = PBXGroup;
			children = (
				EE3F2CF3214F09C1005A1099 /* Photo_Editing_ExplainedTests.swift */,
				EE3F2CF5214F09C1005A1099 /* Info.plist */,
			);
			path = "Photo Editing ExplainedTests";
			sourceTree = "<group>";
		};
		EE3F2CFE214F0DD3005A1099 /* View */ = {
			isa = PBXGroup;
			children = (
				EE3F2CE2214F09BF005A1099 /* ViewController.swift */,
				EE3F2CE6214F09C1005A1099 /* Main.storyboard */,
				EEE3D83B2158424E0097414E /* HistogramViewController.swift */,
			);
			path = View;
			sourceTree = "<group>";
		};
		EE3F2CFF214F0DDF005A1099 /* Supporting Files */ = {
			isa = PBXGroup;
			children = (
				EE3F2CE9214F09C1005A1099 /* Info.plist */,
				EE3F2CE4214F09C1005A1099 /* Assets.xcassets */,
			);
			path = "Supporting Files";
			sourceTree = "<group>";
		};
		EE3F2D01214F0E4D005A1099 /* Extensions */ = {
			isa = PBXGroup;
			children = (
				EE3F2D02214F0E4D005A1099 /* NSColor+Extensions.swift */,
				EE3F2D03214F0E4D005A1099 /* NSImage+Extensions.swift */,
				EEC949D5215821B5004B694C /* NSImageView+Extensions.swift */,
				EEE3D83E21584DD40097414E /* Array+Extensions.swift */,
				EE9EABED21595242004DB243 /* GLKMatrix3+Extensions.swift */,
			);
			name = Extensions;
			path = "../../Photo Chopp/Photo Chopp/Extensions";
			sourceTree = "<group>";
		};
		EE3F2D04214F0E4D005A1099 /* Model */ = {
			isa = PBXGroup;
			children = (
				EE3F2D05214F0E4D005A1099 /* Image.swift */,
				EE3F2D06214F0E4D005A1099 /* RGBAPixel.swift */,
				EEC93AE1216131E100B318A8 /* LABPixel.swift */,
				EE3F2D07214F0E4D005A1099 /* Filter.swift */,
				EE3F2D08214F0E4D005A1099 /* Filters.swift */,
				EE3F2D0F214F21BD005A1099 /* EditableImages.swift */,
				EEC93ADB2160139200B318A8 /* HistogramOperation.swift */,
				EEC93ADD216015BC00B318A8 /* Histogram.swift */,
			);
			name = Model;
			path = "../../Photo Chopp/Photo Chopp/Model";
			sourceTree = "<group>";
		};
		EE9A323C215837100027E6D6 /* Frameworks */ = {
			isa = PBXGroup;
			children = (
				EE9A323D215837100027E6D6 /* Charts.framework */,
			);
			name = Frameworks;
			sourceTree = "<group>";
		};
/* End PBXGroup section */

/* Begin PBXNativeTarget section */
		EE3F2CDC214F09BF005A1099 /* Photo Editing Explained */ = {
			isa = PBXNativeTarget;
			buildConfigurationList = EE3F2CF8214F09C1005A1099 /* Build configuration list for PBXNativeTarget "Photo Editing Explained" */;
			buildPhases = (
				EE3F2CD9214F09BF005A1099 /* Sources */,
				EE3F2CDA214F09BF005A1099 /* Frameworks */,
				EE3F2CDB214F09BF005A1099 /* Resources */,
				EEE3D839215837B10097414E /* Carthage */,
			);
			buildRules = (
			);
			dependencies = (
			);
			name = "Photo Editing Explained";
			productName = "Photo Editing Explained";
			productReference = EE3F2CDD214F09BF005A1099 /* Photo Editing Explained.app */;
			productType = "com.apple.product-type.application";
		};
		EE3F2CEE214F09C1005A1099 /* Photo Editing ExplainedTests */ = {
			isa = PBXNativeTarget;
			buildConfigurationList = EE3F2CFB214F09C1005A1099 /* Build configuration list for PBXNativeTarget "Photo Editing ExplainedTests" */;
			buildPhases = (
				EE3F2CEB214F09C1005A1099 /* Sources */,
				EE3F2CEC214F09C1005A1099 /* Frameworks */,
				EE3F2CED214F09C1005A1099 /* Resources */,
			);
			buildRules = (
			);
			dependencies = (
				EE3F2CF1214F09C1005A1099 /* PBXTargetDependency */,
			);
			name = "Photo Editing ExplainedTests";
			productName = "Photo Editing ExplainedTests";
			productReference = EE3F2CEF214F09C1005A1099 /* Photo Editing ExplainedTests.xctest */;
			productType = "com.apple.product-type.bundle.unit-test";
		};
/* End PBXNativeTarget section */

/* Begin PBXProject section */
		EE3F2CD5214F09BF005A1099 /* Project object */ = {
			isa = PBXProject;
			attributes = {
				LastSwiftUpdateCheck = 0940;
				LastUpgradeCheck = 0940;
				ORGANIZATIONNAME = "Victor Melo";
				TargetAttributes = {
					EE3F2CDC214F09BF005A1099 = {
						CreatedOnToolsVersion = 9.4.1;
					};
					EE3F2CEE214F09C1005A1099 = {
						CreatedOnToolsVersion = 9.4.1;
						TestTargetID = EE3F2CDC214F09BF005A1099;
					};
				};
			};
			buildConfigurationList = EE3F2CD8214F09BF005A1099 /* Build configuration list for PBXProject "Photo Editing Explained" */;
			compatibilityVersion = "Xcode 9.3";
			developmentRegion = en;
			hasScannedForEncodings = 0;
			knownRegions = (
				en,
				Base,
			);
			mainGroup = EE3F2CD4214F09BF005A1099;
			productRefGroup = EE3F2CDE214F09BF005A1099 /* Products */;
			projectDirPath = "";
			projectRoot = "";
			targets = (
				EE3F2CDC214F09BF005A1099 /* Photo Editing Explained */,
				EE3F2CEE214F09C1005A1099 /* Photo Editing ExplainedTests */,
			);
		};
/* End PBXProject section */

/* Begin PBXResourcesBuildPhase section */
		EE3F2CDB214F09BF005A1099 /* Resources */ = {
			isa = PBXResourcesBuildPhase;
			buildActionMask = 2147483647;
			files = (
				EE3F2CE5214F09C1005A1099 /* Assets.xcassets in Resources */,
				EE3F2CE8214F09C1005A1099 /* Main.storyboard in Resources */,
			);
			runOnlyForDeploymentPostprocessing = 0;
		};
		EE3F2CED214F09C1005A1099 /* Resources */ = {
			isa = PBXResourcesBuildPhase;
			buildActionMask = 2147483647;
			files = (
			);
			runOnlyForDeploymentPostprocessing = 0;
		};
/* End PBXResourcesBuildPhase section */

/* Begin PBXShellScriptBuildPhase section */
		EEE3D839215837B10097414E /* Carthage */ = {
			isa = PBXShellScriptBuildPhase;
			buildActionMask = 2147483647;
			files = (
			);
			inputFileListPaths = (
			);
			inputPaths = (
				"$(SRCROOT)/Carthage/Build/Mac/Charts.framework",
			);
			name = Carthage;
			outputFileListPaths = (
			);
			outputPaths = (
				"$(BUILT_PRODUCTS_DIR)/$(FRAMEWORKS_FOLDER_PATH)/Charts.framework",
			);
			runOnlyForDeploymentPostprocessing = 0;
			shellPath = /bin/sh;
			shellScript = "/usr/local/bin/carthage copy-frameworks\n";
		};
/* End PBXShellScriptBuildPhase section */

/* Begin PBXSourcesBuildPhase section */
		EE3F2CD9214F09BF005A1099 /* Sources */ = {
			isa = PBXSourcesBuildPhase;
			buildActionMask = 2147483647;
			files = (
				EE3F2D0D214F0E4E005A1099 /* Filter.swift in Sources */,
				EEC93AE2216131E100B318A8 /* LABPixel.swift in Sources */,
				EEE3D83C2158424E0097414E /* HistogramViewController.swift in Sources */,
				EE3F2D10214F21BD005A1099 /* EditableImages.swift in Sources */,
				EE3F2D0E214F0E4E005A1099 /* Filters.swift in Sources */,
				EE3F2D0C214F0E4E005A1099 /* RGBAPixel.swift in Sources */,
				EE3F2CE3214F09BF005A1099 /* ViewController.swift in Sources */,
				EEC93ADE216015BC00B318A8 /* Histogram.swift in Sources */,
				EEC949D6215821B5004B694C /* NSImageView+Extensions.swift in Sources */,
				EEE3D83F21584DD40097414E /* Array+Extensions.swift in Sources */,
				EE3F2D09214F0E4E005A1099 /* NSColor+Extensions.swift in Sources */,
				EE9EABEE21595242004DB243 /* GLKMatrix3+Extensions.swift in Sources */,
				EE3F2CE1214F09BF005A1099 /* AppDelegate.swift in Sources */,
				EE3F2D0A214F0E4E005A1099 /* NSImage+Extensions.swift in Sources */,
				EEC93ADC2160139200B318A8 /* HistogramOperation.swift in Sources */,
				EE3F2D0B214F0E4E005A1099 /* Image.swift in Sources */,
			);
			runOnlyForDeploymentPostprocessing = 0;
		};
		EE3F2CEB214F09C1005A1099 /* Sources */ = {
			isa = PBXSourcesBuildPhase;
			buildActionMask = 2147483647;
			files = (
				EE3F2CF4214F09C1005A1099 /* Photo_Editing_ExplainedTests.swift in Sources */,
			);
			runOnlyForDeploymentPostprocessing = 0;
		};
/* End PBXSourcesBuildPhase section */

/* Begin PBXTargetDependency section */
		EE3F2CF1214F09C1005A1099 /* PBXTargetDependency */ = {
			isa = PBXTargetDependency;
			target = EE3F2CDC214F09BF005A1099 /* Photo Editing Explained */;
			targetProxy = EE3F2CF0214F09C1005A1099 /* PBXContainerItemProxy */;
		};
/* End PBXTargetDependency section */

/* Begin PBXVariantGroup section */
		EE3F2CE6214F09C1005A1099 /* Main.storyboard */ = {
			isa = PBXVariantGroup;
			children = (
				EE3F2CE7214F09C1005A1099 /* Base */,
			);
			name = Main.storyboard;
			sourceTree = "<group>";
		};
/* End PBXVariantGroup section */

/* Begin XCBuildConfiguration section */
		EE3F2CF6214F09C1005A1099 /* Debug */ = {
			isa = XCBuildConfiguration;
			buildSettings = {
				ALWAYS_SEARCH_USER_PATHS = NO;
				CLANG_ANALYZER_NONNULL = YES;
				CLANG_ANALYZER_NUMBER_OBJECT_CONVERSION = YES_AGGRESSIVE;
				CLANG_CXX_LANGUAGE_STANDARD = "gnu++14";
				CLANG_CXX_LIBRARY = "libc++";
				CLANG_ENABLE_MODULES = YES;
				CLANG_ENABLE_OBJC_ARC = YES;
				CLANG_ENABLE_OBJC_WEAK = YES;
				CLANG_WARN_BLOCK_CAPTURE_AUTORELEASING = YES;
				CLANG_WARN_BOOL_CONVERSION = YES;
				CLANG_WARN_COMMA = YES;
				CLANG_WARN_CONSTANT_CONVERSION = YES;
				CLANG_WARN_DEPRECATED_OBJC_IMPLEMENTATIONS = YES;
				CLANG_WARN_DIRECT_OBJC_ISA_USAGE = YES_ERROR;
				CLANG_WARN_DOCUMENTATION_COMMENTS = YES;
				CLANG_WARN_EMPTY_BODY = YES;
				CLANG_WARN_ENUM_CONVERSION = YES;
				CLANG_WARN_INFINITE_RECURSION = YES;
				CLANG_WARN_INT_CONVERSION = YES;
				CLANG_WARN_NON_LITERAL_NULL_CONVERSION = YES;
				CLANG_WARN_OBJC_IMPLICIT_RETAIN_SELF = YES;
				CLANG_WARN_OBJC_LITERAL_CONVERSION = YES;
				CLANG_WARN_OBJC_ROOT_CLASS = YES_ERROR;
				CLANG_WARN_RANGE_LOOP_ANALYSIS = YES;
				CLANG_WARN_STRICT_PROTOTYPES = YES;
				CLANG_WARN_SUSPICIOUS_MOVE = YES;
				CLANG_WARN_UNGUARDED_AVAILABILITY = YES_AGGRESSIVE;
				CLANG_WARN_UNREACHABLE_CODE = YES;
				CLANG_WARN__DUPLICATE_METHOD_MATCH = YES;
				CODE_SIGN_IDENTITY = "Mac Developer";
				COPY_PHASE_STRIP = NO;
				DEBUG_INFORMATION_FORMAT = dwarf;
				ENABLE_STRICT_OBJC_MSGSEND = YES;
				ENABLE_TESTABILITY = YES;
				GCC_C_LANGUAGE_STANDARD = gnu11;
				GCC_DYNAMIC_NO_PIC = NO;
				GCC_NO_COMMON_BLOCKS = YES;
				GCC_OPTIMIZATION_LEVEL = 0;
				GCC_PREPROCESSOR_DEFINITIONS = (
					"DEBUG=1",
					"$(inherited)",
				);
				GCC_WARN_64_TO_32_BIT_CONVERSION = YES;
				GCC_WARN_ABOUT_RETURN_TYPE = YES_ERROR;
				GCC_WARN_UNDECLARED_SELECTOR = YES;
				GCC_WARN_UNINITIALIZED_AUTOS = YES_AGGRESSIVE;
				GCC_WARN_UNUSED_FUNCTION = YES;
				GCC_WARN_UNUSED_VARIABLE = YES;
				MACOSX_DEPLOYMENT_TARGET = 10.14;
				MTL_ENABLE_DEBUG_INFO = YES;
				ONLY_ACTIVE_ARCH = YES;
				SDKROOT = macosx;
				SWIFT_ACTIVE_COMPILATION_CONDITIONS = DEBUG;
				SWIFT_OPTIMIZATION_LEVEL = "-Onone";
			};
			name = Debug;
		};
		EE3F2CF7214F09C1005A1099 /* Release */ = {
			isa = XCBuildConfiguration;
			buildSettings = {
				ALWAYS_SEARCH_USER_PATHS = NO;
				CLANG_ANALYZER_NONNULL = YES;
				CLANG_ANALYZER_NUMBER_OBJECT_CONVERSION = YES_AGGRESSIVE;
				CLANG_CXX_LANGUAGE_STANDARD = "gnu++14";
				CLANG_CXX_LIBRARY = "libc++";
				CLANG_ENABLE_MODULES = YES;
				CLANG_ENABLE_OBJC_ARC = YES;
				CLANG_ENABLE_OBJC_WEAK = YES;
				CLANG_WARN_BLOCK_CAPTURE_AUTORELEASING = YES;
				CLANG_WARN_BOOL_CONVERSION = YES;
				CLANG_WARN_COMMA = YES;
				CLANG_WARN_CONSTANT_CONVERSION = YES;
				CLANG_WARN_DEPRECATED_OBJC_IMPLEMENTATIONS = YES;
				CLANG_WARN_DIRECT_OBJC_ISA_USAGE = YES_ERROR;
				CLANG_WARN_DOCUMENTATION_COMMENTS = YES;
				CLANG_WARN_EMPTY_BODY = YES;
				CLANG_WARN_ENUM_CONVERSION = YES;
				CLANG_WARN_INFINITE_RECURSION = YES;
				CLANG_WARN_INT_CONVERSION = YES;
				CLANG_WARN_NON_LITERAL_NULL_CONVERSION = YES;
				CLANG_WARN_OBJC_IMPLICIT_RETAIN_SELF = YES;
				CLANG_WARN_OBJC_LITERAL_CONVERSION = YES;
				CLANG_WARN_OBJC_ROOT_CLASS = YES_ERROR;
				CLANG_WARN_RANGE_LOOP_ANALYSIS = YES;
				CLANG_WARN_STRICT_PROTOTYPES = YES;
				CLANG_WARN_SUSPICIOUS_MOVE = YES;
				CLANG_WARN_UNGUARDED_AVAILABILITY = YES_AGGRESSIVE;
				CLANG_WARN_UNREACHABLE_CODE = YES;
				CLANG_WARN__DUPLICATE_METHOD_MATCH = YES;
				CODE_SIGN_IDENTITY = "Mac Developer";
				COPY_PHASE_STRIP = NO;
				DEBUG_INFORMATION_FORMAT = "dwarf-with-dsym";
				ENABLE_NS_ASSERTIONS = NO;
				ENABLE_STRICT_OBJC_MSGSEND = YES;
				GCC_C_LANGUAGE_STANDARD = gnu11;
				GCC_NO_COMMON_BLOCKS = YES;
				GCC_WARN_64_TO_32_BIT_CONVERSION = YES;
				GCC_WARN_ABOUT_RETURN_TYPE = YES_ERROR;
				GCC_WARN_UNDECLARED_SELECTOR = YES;
				GCC_WARN_UNINITIALIZED_AUTOS = YES_AGGRESSIVE;
				GCC_WARN_UNUSED_FUNCTION = YES;
				GCC_WARN_UNUSED_VARIABLE = YES;
				MACOSX_DEPLOYMENT_TARGET = 10.14;
				MTL_ENABLE_DEBUG_INFO = NO;
				SDKROOT = macosx;
				SWIFT_COMPILATION_MODE = wholemodule;
				SWIFT_OPTIMIZATION_LEVEL = "-O";
			};
			name = Release;
		};
		EE3F2CF9214F09C1005A1099 /* Debug */ = {
			isa = XCBuildConfiguration;
			buildSettings = {
				ASSETCATALOG_COMPILER_APPICON_NAME = AppIcon;
				CODE_SIGN_STYLE = Automatic;
				COMBINE_HIDPI_IMAGES = YES;
				DEVELOPMENT_TEAM = Y93HUJS49V;
				FRAMEWORK_SEARCH_PATHS = (
					"$(inherited)",
					"$(PROJECT_DIR)/Carthage/Build/Mac",
				);
				INFOPLIST_FILE = "Photo Editing Explained/Supporting Files/Info.plist";
				LD_RUNPATH_SEARCH_PATHS = (
					"$(inherited)",
					"@executable_path/../Frameworks",
				);
				PRODUCT_BUNDLE_IDENTIFIER = "br.com.victormelo.Photo-Editing-Explained";
				PRODUCT_NAME = "$(TARGET_NAME)";
				SWIFT_VERSION = 4.0;
			};
			name = Debug;
		};
		EE3F2CFA214F09C1005A1099 /* Release */ = {
			isa = XCBuildConfiguration;
			buildSettings = {
				ASSETCATALOG_COMPILER_APPICON_NAME = AppIcon;
				CODE_SIGN_STYLE = Automatic;
				COMBINE_HIDPI_IMAGES = YES;
				DEVELOPMENT_TEAM = Y93HUJS49V;
				FRAMEWORK_SEARCH_PATHS = (
					"$(inherited)",
					"$(PROJECT_DIR)/Carthage/Build/Mac",
				);
				INFOPLIST_FILE = "Photo Editing Explained/Supporting Files/Info.plist";
				LD_RUNPATH_SEARCH_PATHS = (
					"$(inherited)",
					"@executable_path/../Frameworks",
				);
				PRODUCT_BUNDLE_IDENTIFIER = "br.com.victormelo.Photo-Editing-Explained";
				PRODUCT_NAME = "$(TARGET_NAME)";
				SWIFT_VERSION = 4.0;
			};
			name = Release;
		};
		EE3F2CFC214F09C1005A1099 /* Debug */ = {
			isa = XCBuildConfiguration;
			buildSettings = {
				ALWAYS_EMBED_SWIFT_STANDARD_LIBRARIES = YES;
				BUNDLE_LOADER = "$(TEST_HOST)";
				CODE_SIGN_STYLE = Automatic;
				COMBINE_HIDPI_IMAGES = YES;
				DEVELOPMENT_TEAM = Y93HUJS49V;
				INFOPLIST_FILE = "Photo Editing ExplainedTests/Info.plist";
				LD_RUNPATH_SEARCH_PATHS = (
					"$(inherited)",
					"@executable_path/../Frameworks",
					"@loader_path/../Frameworks",
				);
				PRODUCT_BUNDLE_IDENTIFIER = "br.com.victormelo.Photo-Editing-ExplainedTests";
				PRODUCT_NAME = "$(TARGET_NAME)";
				SWIFT_VERSION = 4.0;
				TEST_HOST = "$(BUILT_PRODUCTS_DIR)/Photo Editing Explained.app/Contents/MacOS/Photo Editing Explained";
			};
			name = Debug;
		};
		EE3F2CFD214F09C1005A1099 /* Release */ = {
			isa = XCBuildConfiguration;
			buildSettings = {
				ALWAYS_EMBED_SWIFT_STANDARD_LIBRARIES = YES;
				BUNDLE_LOADER = "$(TEST_HOST)";
				CODE_SIGN_STYLE = Automatic;
				COMBINE_HIDPI_IMAGES = YES;
				DEVELOPMENT_TEAM = Y93HUJS49V;
				INFOPLIST_FILE = "Photo Editing ExplainedTests/Info.plist";
				LD_RUNPATH_SEARCH_PATHS = (
					"$(inherited)",
					"@executable_path/../Frameworks",
					"@loader_path/../Frameworks",
				);
				PRODUCT_BUNDLE_IDENTIFIER = "br.com.victormelo.Photo-Editing-ExplainedTests";
				PRODUCT_NAME = "$(TARGET_NAME)";
				SWIFT_VERSION = 4.0;
				TEST_HOST = "$(BUILT_PRODUCTS_DIR)/Photo Editing Explained.app/Contents/MacOS/Photo Editing Explained";
			};
			name = Release;
		};
/* End XCBuildConfiguration section */

/* Begin XCConfigurationList section */
		EE3F2CD8214F09BF005A1099 /* Build configuration list for PBXProject "Photo Editing Explained" */ = {
			isa = XCConfigurationList;
			buildConfigurations = (
				EE3F2CF6214F09C1005A1099 /* Debug */,
				EE3F2CF7214F09C1005A1099 /* Release */,
			);
			defaultConfigurationIsVisible = 0;
			defaultConfigurationName = Release;
		};
		EE3F2CF8214F09C1005A1099 /* Build configuration list for PBXNativeTarget "Photo Editing Explained" */ = {
			isa = XCConfigurationList;
			buildConfigurations = (
				EE3F2CF9214F09C1005A1099 /* Debug */,
				EE3F2CFA214F09C1005A1099 /* Release */,
			);
			defaultConfigurationIsVisible = 0;
			defaultConfigurationName = Release;
		};
		EE3F2CFB214F09C1005A1099 /* Build configuration list for PBXNativeTarget "Photo Editing ExplainedTests" */ = {
			isa = XCConfigurationList;
			buildConfigurations = (
				EE3F2CFC214F09C1005A1099 /* Debug */,
				EE3F2CFD214F09C1005A1099 /* Release */,
			);
			defaultConfigurationIsVisible = 0;
			defaultConfigurationName = Release;
		};
/* End XCConfigurationList section */
	};
	rootObject = EE3F2CD5214F09BF005A1099 /* Project object */;
}
