// !$*UTF8*$!
{
	archiveVersion = 1;
	classes = {
	};
	objectVersion = 50;
	objects = {

/* Begin PBXBuildFile section */
		EE16742B214318EC00AEB78C /* AppDelegate.swift in Sources */ = {isa = PBXBuildFile; fileRef = EE16742A214318EC00AEB78C /* AppDelegate.swift */; };
		EE16742D214318EC00AEB78C /* FlipViewController.swift in Sources */ = {isa = PBXBuildFile; fileRef = EE16742C214318EC00AEB78C /* FlipViewController.swift */; };
		EE167430214318EC00AEB78C /* Main.storyboard in Resources */ = {isa = PBXBuildFile; fileRef = EE16742E214318EC00AEB78C /* Main.storyboard */; };
		EE167432214318F000AEB78C /* Assets.xcassets in Resources */ = {isa = PBXBuildFile; fileRef = EE167431214318F000AEB78C /* Assets.xcassets */; };
		EE167435214318F000AEB78C /* LaunchScreen.storyboard in Resources */ = {isa = PBXBuildFile; fileRef = EE167433214318F000AEB78C /* LaunchScreen.storyboard */; };
		EE4D265821432834006ADF68 /* RGBAPixel.swift in Sources */ = {isa = PBXBuildFile; fileRef = EE4D265721432834006ADF68 /* RGBAPixel.swift */; };
		EE4D265A21432867006ADF68 /* Image.swift in Sources */ = {isa = PBXBuildFile; fileRef = EE4D265921432867006ADF68 /* Image.swift */; };
/* End PBXBuildFile section */

/* Begin PBXFileReference section */
		EE167427214318EC00AEB78C /* Photo Chopp.app */ = {isa = PBXFileReference; explicitFileType = wrapper.application; includeInIndex = 0; path = "Photo Chopp.app"; sourceTree = BUILT_PRODUCTS_DIR; };
		EE16742A214318EC00AEB78C /* AppDelegate.swift */ = {isa = PBXFileReference; lastKnownFileType = sourcecode.swift; path = AppDelegate.swift; sourceTree = "<group>"; };
		EE16742C214318EC00AEB78C /* FlipViewController.swift */ = {isa = PBXFileReference; lastKnownFileType = sourcecode.swift; path = FlipViewController.swift; sourceTree = "<group>"; };
		EE16742F214318EC00AEB78C /* Base */ = {isa = PBXFileReference; lastKnownFileType = file.storyboard; name = Base; path = Base.lproj/Main.storyboard; sourceTree = "<group>"; };
		EE167431214318F000AEB78C /* Assets.xcassets */ = {isa = PBXFileReference; lastKnownFileType = folder.assetcatalog; path = Assets.xcassets; sourceTree = "<group>"; };
		EE167434214318F000AEB78C /* Base */ = {isa = PBXFileReference; lastKnownFileType = file.storyboard; name = Base; path = Base.lproj/LaunchScreen.storyboard; sourceTree = "<group>"; };
		EE167436214318F000AEB78C /* Info.plist */ = {isa = PBXFileReference; lastKnownFileType = text.plist.xml; path = Info.plist; sourceTree = "<group>"; };
		EE4D265721432834006ADF68 /* RGBAPixel.swift */ = {isa = PBXFileReference; lastKnownFileType = sourcecode.swift; path = RGBAPixel.swift; sourceTree = "<group>"; };
		EE4D265921432867006ADF68 /* Image.swift */ = {isa = PBXFileReference; lastKnownFileType = sourcecode.swift; path = Image.swift; sourceTree = "<group>"; };
/* End PBXFileReference section */

/* Begin PBXFrameworksBuildPhase section */
		EE167424214318EC00AEB78C /* Frameworks */ = {
			isa = PBXFrameworksBuildPhase;
			buildActionMask = 2147483647;
			files = (
			);
			runOnlyForDeploymentPostprocessing = 0;
		};
/* End PBXFrameworksBuildPhase section */

/* Begin PBXGroup section */
		EE16741E214318EC00AEB78C = {
			isa = PBXGroup;
			children = (
				EE167429214318EC00AEB78C /* Photo Chopp */,
				EE167428214318EC00AEB78C /* Products */,
			);
			sourceTree = "<group>";
		};
		EE167428214318EC00AEB78C /* Products */ = {
			isa = PBXGroup;
			children = (
				EE167427214318EC00AEB78C /* Photo Chopp.app */,
			);
			name = Products;
			sourceTree = "<group>";
		};
		EE167429214318EC00AEB78C /* Photo Chopp */ = {
			isa = PBXGroup;
			children = (
				EE16742A214318EC00AEB78C /* AppDelegate.swift */,
				EE16743F21431BC000AEB78C /* Storyboard */,
				EE16743C21431B8D00AEB78C /* Flows */,
				EE16743E21431B9800AEB78C /* Supporting Files */,
				EE4D265721432834006ADF68 /* RGBAPixel.swift */,
				EE4D265921432867006ADF68 /* Image.swift */,
			);
			path = "Photo Chopp";
			sourceTree = "<group>";
		};
		EE16743C21431B8D00AEB78C /* Flows */ = {
			isa = PBXGroup;
			children = (
				EE16743D21431B9100AEB78C /* Flip */,
			);
			path = Flows;
			sourceTree = "<group>";
		};
		EE16743D21431B9100AEB78C /* Flip */ = {
			isa = PBXGroup;
			children = (
				EE16742C214318EC00AEB78C /* FlipViewController.swift */,
			);
			path = Flip;
			sourceTree = "<group>";
		};
		EE16743E21431B9800AEB78C /* Supporting Files */ = {
			isa = PBXGroup;
			children = (
				EE167431214318F000AEB78C /* Assets.xcassets */,
				EE167436214318F000AEB78C /* Info.plist */,
			);
			path = "Supporting Files";
			sourceTree = "<group>";
		};
		EE16743F21431BC000AEB78C /* Storyboard */ = {
			isa = PBXGroup;
			children = (
				EE16742E214318EC00AEB78C /* Main.storyboard */,
				EE167433214318F000AEB78C /* LaunchScreen.storyboard */,
			);
			path = Storyboard;
			sourceTree = "<group>";
		};
/* End PBXGroup section */

/* Begin PBXNativeTarget section */
		EE167426214318EC00AEB78C /* Photo Chopp */ = {
			isa = PBXNativeTarget;
			buildConfigurationList = EE167439214318F000AEB78C /* Build configuration list for PBXNativeTarget "Photo Chopp" */;
			buildPhases = (
				EE167423214318EC00AEB78C /* Sources */,
				EE167424214318EC00AEB78C /* Frameworks */,
				EE167425214318EC00AEB78C /* Resources */,
			);
			buildRules = (
			);
			dependencies = (
			);
			name = "Photo Chopp";
			productName = "Photo Chopp";
			productReference = EE167427214318EC00AEB78C /* Photo Chopp.app */;
			productType = "com.apple.product-type.application";
		};
/* End PBXNativeTarget section */

/* Begin PBXProject section */
		EE16741F214318EC00AEB78C /* Project object */ = {
			isa = PBXProject;
			attributes = {
				LastSwiftUpdateCheck = 0940;
				LastUpgradeCheck = 0940;
				ORGANIZATIONNAME = "Victor Melo";
				TargetAttributes = {
					EE167426214318EC00AEB78C = {
						CreatedOnToolsVersion = 9.4.1;
					};
				};
			};
			buildConfigurationList = EE167422214318EC00AEB78C /* Build configuration list for PBXProject "Photo Chopp" */;
			compatibilityVersion = "Xcode 9.3";
			developmentRegion = en;
			hasScannedForEncodings = 0;
			knownRegions = (
				en,
				Base,
			);
			mainGroup = EE16741E214318EC00AEB78C;
			productRefGroup = EE167428214318EC00AEB78C /* Products */;
			projectDirPath = "";
			projectRoot = "";
			targets = (
				EE167426214318EC00AEB78C /* Photo Chopp */,
			);
		};
/* End PBXProject section */

/* Begin PBXResourcesBuildPhase section */
		EE167425214318EC00AEB78C /* Resources */ = {
			isa = PBXResourcesBuildPhase;
			buildActionMask = 2147483647;
			files = (
				EE167435214318F000AEB78C /* LaunchScreen.storyboard in Resources */,
				EE167432214318F000AEB78C /* Assets.xcassets in Resources */,
				EE167430214318EC00AEB78C /* Main.storyboard in Resources */,
			);
			runOnlyForDeploymentPostprocessing = 0;
		};
/* End PBXResourcesBuildPhase section */

/* Begin PBXSourcesBuildPhase section */
		EE167423214318EC00AEB78C /* Sources */ = {
			isa = PBXSourcesBuildPhase;
			buildActionMask = 2147483647;
			files = (
				EE4D265821432834006ADF68 /* RGBAPixel.swift in Sources */,
				EE4D265A21432867006ADF68 /* Image.swift in Sources */,
				EE16742D214318EC00AEB78C /* FlipViewController.swift in Sources */,
				EE16742B214318EC00AEB78C /* AppDelegate.swift in Sources */,
			);
			runOnlyForDeploymentPostprocessing = 0;
		};
/* End PBXSourcesBuildPhase section */

/* Begin PBXVariantGroup section */
		EE16742E214318EC00AEB78C /* Main.storyboard */ = {
			isa = PBXVariantGroup;
			children = (
				EE16742F214318EC00AEB78C /* Base */,
			);
			name = Main.storyboard;
			sourceTree = "<group>";
		};
		EE167433214318F000AEB78C /* LaunchScreen.storyboard */ = {
			isa = PBXVariantGroup;
			children = (
				EE167434214318F000AEB78C /* Base */,
			);
			name = LaunchScreen.storyboard;
			sourceTree = "<group>";
		};
/* End PBXVariantGroup section */

/* Begin XCBuildConfiguration section */
		EE167437214318F000AEB78C /* Debug */ = {
			isa = XCBuildConfiguration;
			buildSettings = {
				ALWAYS_SEARCH_USER_PATHS = NO;
				CLANG_ANALYZER_NONNULL = YES;
				CLANG_ANALYZER_NUMBER_OBJECT_CONVERSION = YES_AGGRESSIVE;
				CLANG_CXX_LANGUAGE_STANDARD = "gnu++14";
				CLANG_CXX_LIBRARY = "libc++";
				CLANG_ENABLE_MODULES = YES;
				CLANG_ENABLE_OBJC_ARC = YES;
				CLANG_ENABLE_OBJC_WEAK = YES;
				CLANG_WARN_BLOCK_CAPTURE_AUTORELEASING = YES;
				CLANG_WARN_BOOL_CONVERSION = YES;
				CLANG_WARN_COMMA = YES;
				CLANG_WARN_CONSTANT_CONVERSION = YES;
				CLANG_WARN_DEPRECATED_OBJC_IMPLEMENTATIONS = YES;
				CLANG_WARN_DIRECT_OBJC_ISA_USAGE = YES_ERROR;
				CLANG_WARN_DOCUMENTATION_COMMENTS = YES;
				CLANG_WARN_EMPTY_BODY = YES;
				CLANG_WARN_ENUM_CONVERSION = YES;
				CLANG_WARN_INFINITE_RECURSION = YES;
				CLANG_WARN_INT_CONVERSION = YES;
				CLANG_WARN_NON_LITERAL_NULL_CONVERSION = YES;
				CLANG_WARN_OBJC_IMPLICIT_RETAIN_SELF = YES;
				CLANG_WARN_OBJC_LITERAL_CONVERSION = YES;
				CLANG_WARN_OBJC_ROOT_CLASS = YES_ERROR;
				CLANG_WARN_RANGE_LOOP_ANALYSIS = YES;
				CLANG_WARN_STRICT_PROTOTYPES = YES;
				CLANG_WARN_SUSPICIOUS_MOVE = YES;
				CLANG_WARN_UNGUARDED_AVAILABILITY = YES_AGGRESSIVE;
				CLANG_WARN_UNREACHABLE_CODE = YES;
				CLANG_WARN__DUPLICATE_METHOD_MATCH = YES;
				CODE_SIGN_IDENTITY = "iPhone Developer";
				COPY_PHASE_STRIP = NO;
				DEBUG_INFORMATION_FORMAT = dwarf;
				ENABLE_STRICT_OBJC_MSGSEND = YES;
				ENABLE_TESTABILITY = YES;
				GCC_C_LANGUAGE_STANDARD = gnu11;
				GCC_DYNAMIC_NO_PIC = NO;
				GCC_NO_COMMON_BLOCKS = YES;
				GCC_OPTIMIZATION_LEVEL = 0;
				GCC_PREPROCESSOR_DEFINITIONS = (
					"DEBUG=1",
					"$(inherited)",
				);
				GCC_WARN_64_TO_32_BIT_CONVERSION = YES;
				GCC_WARN_ABOUT_RETURN_TYPE = YES_ERROR;
				GCC_WARN_UNDECLARED_SELECTOR = YES;
				GCC_WARN_UNINITIALIZED_AUTOS = YES_AGGRESSIVE;
				GCC_WARN_UNUSED_FUNCTION = YES;
				GCC_WARN_UNUSED_VARIABLE = YES;
				IPHONEOS_DEPLOYMENT_TARGET = 11.4;
				MTL_ENABLE_DEBUG_INFO = YES;
				ONLY_ACTIVE_ARCH = YES;
				SDKROOT = iphoneos;
				SWIFT_ACTIVE_COMPILATION_CONDITIONS = DEBUG;
				SWIFT_OPTIMIZATION_LEVEL = "-Onone";
			};
			name = Debug;
		};
		EE167438214318F000AEB78C /* Release */ = {
			isa = XCBuildConfiguration;
			buildSettings = {
				ALWAYS_SEARCH_USER_PATHS = NO;
				CLANG_ANALYZER_NONNULL = YES;
				CLANG_ANALYZER_NUMBER_OBJECT_CONVERSION = YES_AGGRESSIVE;
				CLANG_CXX_LANGUAGE_STANDARD = "gnu++14";
				CLANG_CXX_LIBRARY = "libc++";
				CLANG_ENABLE_MODULES = YES;
				CLANG_ENABLE_OBJC_ARC = YES;
				CLANG_ENABLE_OBJC_WEAK = YES;
				CLANG_WARN_BLOCK_CAPTURE_AUTORELEASING = YES;
				CLANG_WARN_BOOL_CONVERSION = YES;
				CLANG_WARN_COMMA = YES;
				CLANG_WARN_CONSTANT_CONVERSION = YES;
				CLANG_WARN_DEPRECATED_OBJC_IMPLEMENTATIONS = YES;
				CLANG_WARN_DIRECT_OBJC_ISA_USAGE = YES_ERROR;
				CLANG_WARN_DOCUMENTATION_COMMENTS = YES;
				CLANG_WARN_EMPTY_BODY = YES;
				CLANG_WARN_ENUM_CONVERSION = YES;
				CLANG_WARN_INFINITE_RECURSION = YES;
				CLANG_WARN_INT_CONVERSION = YES;
				CLANG_WARN_NON_LITERAL_NULL_CONVERSION = YES;
				CLANG_WARN_OBJC_IMPLICIT_RETAIN_SELF = YES;
				CLANG_WARN_OBJC_LITERAL_CONVERSION = YES;
				CLANG_WARN_OBJC_ROOT_CLASS = YES_ERROR;
				CLANG_WARN_RANGE_LOOP_ANALYSIS = YES;
				CLANG_WARN_STRICT_PROTOTYPES = YES;
				CLANG_WARN_SUSPICIOUS_MOVE = YES;
				CLANG_WARN_UNGUARDED_AVAILABILITY = YES_AGGRESSIVE;
				CLANG_WARN_UNREACHABLE_CODE = YES;
				CLANG_WARN__DUPLICATE_METHOD_MATCH = YES;
				CODE_SIGN_IDENTITY = "iPhone Developer";
				COPY_PHASE_STRIP = NO;
				DEBUG_INFORMATION_FORMAT = "dwarf-with-dsym";
				ENABLE_NS_ASSERTIONS = NO;
				ENABLE_STRICT_OBJC_MSGSEND = YES;
				GCC_C_LANGUAGE_STANDARD = gnu11;
				GCC_NO_COMMON_BLOCKS = YES;
				GCC_WARN_64_TO_32_BIT_CONVERSION = YES;
				GCC_WARN_ABOUT_RETURN_TYPE = YES_ERROR;
				GCC_WARN_UNDECLARED_SELECTOR = YES;
				GCC_WARN_UNINITIALIZED_AUTOS = YES_AGGRESSIVE;
				GCC_WARN_UNUSED_FUNCTION = YES;
				GCC_WARN_UNUSED_VARIABLE = YES;
				IPHONEOS_DEPLOYMENT_TARGET = 11.4;
				MTL_ENABLE_DEBUG_INFO = NO;
				SDKROOT = iphoneos;
				SWIFT_COMPILATION_MODE = wholemodule;
				SWIFT_OPTIMIZATION_LEVEL = "-O";
				VALIDATE_PRODUCT = YES;
			};
			name = Release;
		};
		EE16743A214318F000AEB78C /* Debug */ = {
			isa = XCBuildConfiguration;
			buildSettings = {
				ASSETCATALOG_COMPILER_APPICON_NAME = AppIcon;
				CODE_SIGN_STYLE = Automatic;
				DEVELOPMENT_TEAM = Y93HUJS49V;
				INFOPLIST_FILE = "Photo Chopp/Supporting Files/Info.plist";
				LD_RUNPATH_SEARCH_PATHS = (
					"$(inherited)",
					"@executable_path/Frameworks",
				);
				PRODUCT_BUNDLE_IDENTIFIER = "br.com.victormelo.Photo-Chopp";
				PRODUCT_NAME = "$(TARGET_NAME)";
				SWIFT_VERSION = 4.0;
				TARGETED_DEVICE_FAMILY = "1,2";
			};
			name = Debug;
		};
		EE16743B214318F000AEB78C /* Release */ = {
			isa = XCBuildConfiguration;
			buildSettings = {
				ASSETCATALOG_COMPILER_APPICON_NAME = AppIcon;
				CODE_SIGN_STYLE = Automatic;
				DEVELOPMENT_TEAM = Y93HUJS49V;
				INFOPLIST_FILE = "Photo Chopp/Supporting Files/Info.plist";
				LD_RUNPATH_SEARCH_PATHS = (
					"$(inherited)",
					"@executable_path/Frameworks",
				);
				PRODUCT_BUNDLE_IDENTIFIER = "br.com.victormelo.Photo-Chopp";
				PRODUCT_NAME = "$(TARGET_NAME)";
				SWIFT_VERSION = 4.0;
				TARGETED_DEVICE_FAMILY = "1,2";
			};
			name = Release;
		};
/* End XCBuildConfiguration section */

/* Begin XCConfigurationList section */
		EE167422214318EC00AEB78C /* Build configuration list for PBXProject "Photo Chopp" */ = {
			isa = XCConfigurationList;
			buildConfigurations = (
				EE167437214318F000AEB78C /* Debug */,
				EE167438214318F000AEB78C /* Release */,
			);
			defaultConfigurationIsVisible = 0;
			defaultConfigurationName = Release;
		};
		EE167439214318F000AEB78C /* Build configuration list for PBXNativeTarget "Photo Chopp" */ = {
			isa = XCConfigurationList;
			buildConfigurations = (
				EE16743A214318F000AEB78C /* Debug */,
				EE16743B214318F000AEB78C /* Release */,
			);
			defaultConfigurationIsVisible = 0;
			defaultConfigurationName = Release;
		};
/* End XCConfigurationList section */
	};
	rootObject = EE16741F214318EC00AEB78C /* Project object */;
}
